{
  "name": "hardhat-project",
  "lockfileVersion": 2,
  "requires": true,
  "packages": {
    "": {
      "name": "hardhat-project",
      "devDependencies": {
        "chai-bignumber": "^3.0.0"
      }
    },
    "node_modules/chai-bignumber": {
      "version": "3.0.0",
      "resolved": "https://registry.npmjs.org/chai-bignumber/-/chai-bignumber-3.0.0.tgz",
      "integrity": "sha512-SubOtaSI2AILWTWe2j0c6i2yFT/f9J6UBjeVGDuwDiPLkF/U5+/eTWUE3sbCZ1KgcPF6UJsDVYbIxaYA097MQA==",
      "dev": true
    }
  },
  "dependencies": {
    "chai-bignumber": {
      "version": "3.0.0",
      "resolved": "https://registry.npmjs.org/chai-bignumber/-/chai-bignumber-3.0.0.tgz",
      "integrity": "sha512-SubOtaSI2AILWTWe2j0c6i2yFT/f9J6UBjeVGDuwDiPLkF/U5+/eTWUE3sbCZ1KgcPF6UJsDVYbIxaYA097MQA==",
      "dev": true
    }
  }
}
